{
  "name": "cms-nestjs",
  "version": "0.0.1",
  "lockfileVersion": 1,
  "requires": true,
  "dependencies": {
    "@babel/code-frame": {
      "version": "7.5.5",
      "resolved": "https://registry.npmjs.org/@babel/code-frame/-/code-frame-7.5.5.tgz",
      "integrity": "sha512-27d4lZoomVyo51VegxI20xZPuSHusqbQag/ztrBC7wegWoQ1nLREPVSKSW8byhTlzTKyNE4ifaTA6lCp7JjpFw==",
      "dev": true,
      "requires": {
        "@babel/highlight": "^7.0.0"
      }
    },
    "@babel/core": {
      "version": "7.5.5",
      "resolved": "https://registry.npmjs.org/@babel/core/-/core-7.5.5.tgz",
      "integrity": "sha512-i4qoSr2KTtce0DmkuuQBV4AuQgGPUcPXMr9L5MyYAtk06z068lQ10a4O009fe5OB/DfNV+h+qqT7ddNV8UnRjg==",
      "dev": true,
      "requires": {
        "@babel/code-frame": "^7.5.5",
        "@babel/generator": "^7.5.5",
        "@babel/helpers": "^7.5.5",
        "@babel/parser": "^7.5.5",
        "@babel/template": "^7.4.4",
        "@babel/traverse": "^7.5.5",
        "@babel/types": "^7.5.5",
        "convert-source-map": "^1.1.0",
        "debug": "^4.1.0",
        "json5": "^2.1.0",
        "lodash": "^4.17.13",
        "resolve": "^1.3.2",
        "semver": "^5.4.1",
        "source-map": "^0.5.0"
      },
      "dependencies": {
        "debug": {
          "version": "4.1.1",
          "resolved": "https://registry.npmjs.org/debug/-/debug-4.1.1.tgz",
          "integrity": "sha512-pYAIzeRo8J6KPEaJ0VWOh5Pzkbw/RetuzehGM7QRRX5he4fPHx2rdKMB256ehJCkX+XRQm16eZLqLNS8RSZXZw==",
          "dev": true,
          "requires": {
            "ms": "^2.1.1"
          }
        },
        "ms": {
          "version": "2.1.2",
          "resolved": "https://registry.npmjs.org/ms/-/ms-2.1.2.tgz",
          "integrity": "sha512-sGkPx+VjMtmA6MX27oA4FBFELFCZZ4S4XqeGOXCv68tT+jb3vk/RyaKWP0PTKyWtmLSM0b+adUTEvbs1PEaH2w==",
          "dev": true
        },
        "source-map": {
          "version": "0.5.7",
          "resolved": "https://registry.npmjs.org/source-map/-/source-map-0.5.7.tgz",
          "integrity": "sha1-igOdLRAh0i0eoUyA2OpGi6LvP8w=",
          "dev": true
        }
      }
    },
    "@babel/generator": {
      "version": "7.5.5",
      "resolved": "https://registry.npmjs.org/@babel/generator/-/generator-7.5.5.tgz",
      "integrity": "sha512-ETI/4vyTSxTzGnU2c49XHv2zhExkv9JHLTwDAFz85kmcwuShvYG2H08FwgIguQf4JC75CBnXAUM5PqeF4fj0nQ==",
      "dev": true,
      "requires": {
        "@babel/types": "^7.5.5",
        "jsesc": "^2.5.1",
        "lodash": "^4.17.13",
        "source-map": "^0.5.0",
        "trim-right": "^1.0.1"
      },
      "dependencies": {
        "source-map": {
          "version": "0.5.7",
          "resolved": "https://registry.npmjs.org/source-map/-/source-map-0.5.7.tgz",
          "integrity": "sha1-igOdLRAh0i0eoUyA2OpGi6LvP8w=",
          "dev": true
        }
      }
    },
    "@babel/helper-function-name": {
      "version": "7.1.0",
      "resolved": "https://registry.npmjs.org/@babel/helper-function-name/-/helper-function-name-7.1.0.tgz",
      "integrity": "sha512-A95XEoCpb3TO+KZzJ4S/5uW5fNe26DjBGqf1o9ucyLyCmi1dXq/B3c8iaWTfBk3VvetUxl16e8tIrd5teOCfGw==",
      "dev": true,
      "requires": {
        "@babel/helper-get-function-arity": "^7.0.0",
        "@babel/template": "^7.1.0",
        "@babel/types": "^7.0.0"
      }
    },
    "@babel/helper-get-function-arity": {
      "version": "7.0.0",
      "resolved": "https://registry.npmjs.org/@babel/helper-get-function-arity/-/helper-get-function-arity-7.0.0.tgz",
      "integrity": "sha512-r2DbJeg4svYvt3HOS74U4eWKsUAMRH01Z1ds1zx8KNTPtpTL5JAsdFv8BNyOpVqdFhHkkRDIg5B4AsxmkjAlmQ==",
      "dev": true,
      "requires": {
        "@babel/types": "^7.0.0"
      }
    },
    "@babel/helper-plugin-utils": {
      "version": "7.0.0",
      "resolved": "https://registry.npmjs.org/@babel/helper-plugin-utils/-/helper-plugin-utils-7.0.0.tgz",
      "integrity": "sha512-CYAOUCARwExnEixLdB6sDm2dIJ/YgEAKDM1MOeMeZu9Ld/bDgVo8aiWrXwcY7OBh+1Ea2uUcVRcxKk0GJvW7QA==",
      "dev": true
    },
    "@babel/helper-split-export-declaration": {
      "version": "7.4.4",
      "resolved": "https://registry.npmjs.org/@babel/helper-split-export-declaration/-/helper-split-export-declaration-7.4.4.tgz",
      "integrity": "sha512-Ro/XkzLf3JFITkW6b+hNxzZ1n5OQ80NvIUdmHspih1XAhtN3vPTuUFT4eQnela+2MaZ5ulH+iyP513KJrxbN7Q==",
      "dev": true,
      "requires": {
        "@babel/types": "^7.4.4"
      }
    },
    "@babel/helpers": {
      "version": "7.5.5",
      "resolved": "https://registry.npmjs.org/@babel/helpers/-/helpers-7.5.5.tgz",
      "integrity": "sha512-nRq2BUhxZFnfEn/ciJuhklHvFOqjJUD5wpx+1bxUF2axL9C+v4DE/dmp5sT2dKnpOs4orZWzpAZqlCy8QqE/7g==",
      "dev": true,
      "requires": {
        "@babel/template": "^7.4.4",
        "@babel/traverse": "^7.5.5",
        "@babel/types": "^7.5.5"
      }
    },
    "@babel/highlight": {
      "version": "7.5.0",
      "resolved": "https://registry.npmjs.org/@babel/highlight/-/highlight-7.5.0.tgz",
      "integrity": "sha512-7dV4eu9gBxoM0dAnj/BCFDW9LFU0zvTrkq0ugM7pnHEgguOEeOz1so2ZghEdzviYzQEED0r4EAgpsBChKy1TRQ==",
      "dev": true,
      "requires": {
        "chalk": "^2.0.0",
        "esutils": "^2.0.2",
        "js-tokens": "^4.0.0"
      }
    },
    "@babel/parser": {
      "version": "7.5.5",
      "resolved": "https://registry.npmjs.org/@babel/parser/-/parser-7.5.5.tgz",
      "integrity": "sha512-E5BN68cqR7dhKan1SfqgPGhQ178bkVKpXTPEXnFJBrEt8/DKRZlybmy+IgYLTeN7tp1R5Ccmbm2rBk17sHYU3g==",
      "dev": true
    },
    "@babel/plugin-syntax-object-rest-spread": {
      "version": "7.2.0",
      "resolved": "https://registry.npmjs.org/@babel/plugin-syntax-object-rest-spread/-/plugin-syntax-object-rest-spread-7.2.0.tgz",
      "integrity": "sha512-t0JKGgqk2We+9may3t0xDdmneaXmyxq0xieYcKHxIsrJO64n1OiMWNUtc5gQK1PA0NpdCRrtZp4z+IUaKugrSA==",
      "dev": true,
      "requires": {
        "@babel/helper-plugin-utils": "^7.0.0"
      }
    },
    "@babel/template": {
      "version": "7.4.4",
      "resolved": "https://registry.npmjs.org/@babel/template/-/template-7.4.4.tgz",
      "integrity": "sha512-CiGzLN9KgAvgZsnivND7rkA+AeJ9JB0ciPOD4U59GKbQP2iQl+olF1l76kJOupqidozfZ32ghwBEJDhnk9MEcw==",
      "dev": true,
      "requires": {
        "@babel/code-frame": "^7.0.0",
        "@babel/parser": "^7.4.4",
        "@babel/types": "^7.4.4"
      }
    },
    "@babel/traverse": {
      "version": "7.5.5",
      "resolved": "https://registry.npmjs.org/@babel/traverse/-/traverse-7.5.5.tgz",
      "integrity": "sha512-MqB0782whsfffYfSjH4TM+LMjrJnhCNEDMDIjeTpl+ASaUvxcjoiVCo/sM1GhS1pHOXYfWVCYneLjMckuUxDaQ==",
      "dev": true,
      "requires": {
        "@babel/code-frame": "^7.5.5",
        "@babel/generator": "^7.5.5",
        "@babel/helper-function-name": "^7.1.0",
        "@babel/helper-split-export-declaration": "^7.4.4",
        "@babel/parser": "^7.5.5",
        "@babel/types": "^7.5.5",
        "debug": "^4.1.0",
        "globals": "^11.1.0",
        "lodash": "^4.17.13"
      },
      "dependencies": {
        "debug": {
          "version": "4.1.1",
          "resolved": "https://registry.npmjs.org/debug/-/debug-4.1.1.tgz",
          "integrity": "sha512-pYAIzeRo8J6KPEaJ0VWOh5Pzkbw/RetuzehGM7QRRX5he4fPHx2rdKMB256ehJCkX+XRQm16eZLqLNS8RSZXZw==",
          "dev": true,
          "requires": {
            "ms": "^2.1.1"
          }
        },
        "ms": {
          "version": "2.1.2",
          "resolved": "https://registry.npmjs.org/ms/-/ms-2.1.2.tgz",
          "integrity": "sha512-sGkPx+VjMtmA6MX27oA4FBFELFCZZ4S4XqeGOXCv68tT+jb3vk/RyaKWP0PTKyWtmLSM0b+adUTEvbs1PEaH2w==",
          "dev": true
        }
      }
    },
    "@babel/types": {
      "version": "7.5.5",
      "resolved": "https://registry.npmjs.org/@babel/types/-/types-7.5.5.tgz",
      "integrity": "sha512-s63F9nJioLqOlW3UkyMd+BYhXt44YuaFm/VV0VwuteqjYwRrObkU7ra9pY4wAJR3oXi8hJrMcrcJdO/HH33vtw==",
      "dev": true,
      "requires": {
        "esutils": "^2.0.2",
        "lodash": "^4.17.13",
        "to-fast-properties": "^2.0.0"
      }
    },
    "@cnakazawa/watch": {
      "version": "1.0.3",
      "resolved": "https://registry.npmjs.org/@cnakazawa/watch/-/watch-1.0.3.tgz",
      "integrity": "sha512-r5160ogAvGyHsal38Kux7YYtodEKOj89RGb28ht1jh3SJb08VwRwAKKJL0bGb04Zd/3r9FL3BFIc3bBidYffCA==",
      "dev": true,
      "requires": {
        "exec-sh": "^0.3.2",
        "minimist": "^1.2.0"
      },
      "dependencies": {
        "minimist": {
          "version": "1.2.0",
          "resolved": "https://registry.npmjs.org/minimist/-/minimist-1.2.0.tgz",
          "integrity": "sha1-o1AIsg9BOD7sH7kU9M1d95omQoQ=",
          "dev": true
        }
      }
    },
    "@jest/console": {
      "version": "24.7.1",
      "resolved": "https://registry.npmjs.org/@jest/console/-/console-24.7.1.tgz",
      "integrity": "sha512-iNhtIy2M8bXlAOULWVTUxmnelTLFneTNEkHCgPmgd+zNwy9zVddJ6oS5rZ9iwoscNdT5mMwUd0C51v/fSlzItg==",
      "dev": true,
      "requires": {
        "@jest/source-map": "^24.3.0",
        "chalk": "^2.0.1",
        "slash": "^2.0.0"
      }
    },
    "@jest/core": {
      "version": "24.8.0",
      "resolved": "https://registry.npmjs.org/@jest/core/-/core-24.8.0.tgz",
      "integrity": "sha512-R9rhAJwCBQzaRnrRgAdVfnglUuATXdwTRsYqs6NMdVcAl5euG8LtWDe+fVkN27YfKVBW61IojVsXKaOmSnqd/A==",
      "dev": true,
      "requires": {
        "@jest/console": "^24.7.1",
        "@jest/reporters": "^24.8.0",
        "@jest/test-result": "^24.8.0",
        "@jest/transform": "^24.8.0",
        "@jest/types": "^24.8.0",
        "ansi-escapes": "^3.0.0",
        "chalk": "^2.0.1",
        "exit": "^0.1.2",
        "graceful-fs": "^4.1.15",
        "jest-changed-files": "^24.8.0",
        "jest-config": "^24.8.0",
        "jest-haste-map": "^24.8.0",
        "jest-message-util": "^24.8.0",
        "jest-regex-util": "^24.3.0",
        "jest-resolve-dependencies": "^24.8.0",
        "jest-runner": "^24.8.0",
        "jest-runtime": "^24.8.0",
        "jest-snapshot": "^24.8.0",
        "jest-util": "^24.8.0",
        "jest-validate": "^24.8.0",
        "jest-watcher": "^24.8.0",
        "micromatch": "^3.1.10",
        "p-each-series": "^1.0.0",
        "pirates": "^4.0.1",
        "realpath-native": "^1.1.0",
        "rimraf": "^2.5.4",
        "strip-ansi": "^5.0.0"
      }
    },
    "@jest/environment": {
      "version": "24.8.0",
      "resolved": "https://registry.npmjs.org/@jest/environment/-/environment-24.8.0.tgz",
      "integrity": "sha512-vlGt2HLg7qM+vtBrSkjDxk9K0YtRBi7HfRFaDxoRtyi+DyVChzhF20duvpdAnKVBV6W5tym8jm0U9EfXbDk1tw==",
      "dev": true,
      "requires": {
        "@jest/fake-timers": "^24.8.0",
        "@jest/transform": "^24.8.0",
        "@jest/types": "^24.8.0",
        "jest-mock": "^24.8.0"
      }
    },
    "@jest/fake-timers": {
      "version": "24.8.0",
      "resolved": "https://registry.npmjs.org/@jest/fake-timers/-/fake-timers-24.8.0.tgz",
      "integrity": "sha512-2M4d5MufVXwi6VzZhJ9f5S/wU4ud2ck0kxPof1Iz3zWx6Y+V2eJrES9jEktB6O3o/oEyk+il/uNu9PvASjWXQw==",
      "dev": true,
      "requires": {
        "@jest/types": "^24.8.0",
        "jest-message-util": "^24.8.0",
        "jest-mock": "^24.8.0"
      }
    },
    "@jest/reporters": {
      "version": "24.8.0",
      "resolved": "https://registry.npmjs.org/@jest/reporters/-/reporters-24.8.0.tgz",
      "integrity": "sha512-eZ9TyUYpyIIXfYCrw0UHUWUvE35vx5I92HGMgS93Pv7du+GHIzl+/vh8Qj9MCWFK/4TqyttVBPakWMOfZRIfxw==",
      "dev": true,
      "requires": {
        "@jest/environment": "^24.8.0",
        "@jest/test-result": "^24.8.0",
        "@jest/transform": "^24.8.0",
        "@jest/types": "^24.8.0",
        "chalk": "^2.0.1",
        "exit": "^0.1.2",
        "glob": "^7.1.2",
        "istanbul-lib-coverage": "^2.0.2",
        "istanbul-lib-instrument": "^3.0.1",
        "istanbul-lib-report": "^2.0.4",
        "istanbul-lib-source-maps": "^3.0.1",
        "istanbul-reports": "^2.1.1",
        "jest-haste-map": "^24.8.0",
        "jest-resolve": "^24.8.0",
        "jest-runtime": "^24.8.0",
        "jest-util": "^24.8.0",
        "jest-worker": "^24.6.0",
        "node-notifier": "^5.2.1",
        "slash": "^2.0.0",
        "source-map": "^0.6.0",
        "string-length": "^2.0.0"
      }
    },
    "@jest/source-map": {
      "version": "24.3.0",
      "resolved": "https://registry.npmjs.org/@jest/source-map/-/source-map-24.3.0.tgz",
      "integrity": "sha512-zALZt1t2ou8le/crCeeiRYzvdnTzaIlpOWaet45lNSqNJUnXbppUUFR4ZUAlzgDmKee4Q5P/tKXypI1RiHwgag==",
      "dev": true,
      "requires": {
        "callsites": "^3.0.0",
        "graceful-fs": "^4.1.15",
        "source-map": "^0.6.0"
      }
    },
    "@jest/test-result": {
      "version": "24.8.0",
      "resolved": "https://registry.npmjs.org/@jest/test-result/-/test-result-24.8.0.tgz",
      "integrity": "sha512-+YdLlxwizlfqkFDh7Mc7ONPQAhA4YylU1s529vVM1rsf67vGZH/2GGm5uO8QzPeVyaVMobCQ7FTxl38QrKRlng==",
      "dev": true,
      "requires": {
        "@jest/console": "^24.7.1",
        "@jest/types": "^24.8.0",
        "@types/istanbul-lib-coverage": "^2.0.0"
      }
    },
    "@jest/test-sequencer": {
      "version": "24.8.0",
      "resolved": "https://registry.npmjs.org/@jest/test-sequencer/-/test-sequencer-24.8.0.tgz",
      "integrity": "sha512-OzL/2yHyPdCHXEzhoBuq37CE99nkme15eHkAzXRVqthreWZamEMA0WoetwstsQBCXABhczpK03JNbc4L01vvLg==",
      "dev": true,
      "requires": {
        "@jest/test-result": "^24.8.0",
        "jest-haste-map": "^24.8.0",
        "jest-runner": "^24.8.0",
        "jest-runtime": "^24.8.0"
      }
    },
    "@jest/transform": {
      "version": "24.8.0",
      "resolved": "https://registry.npmjs.org/@jest/transform/-/transform-24.8.0.tgz",
      "integrity": "sha512-xBMfFUP7TortCs0O+Xtez2W7Zu1PLH9bvJgtraN1CDST6LBM/eTOZ9SfwS/lvV8yOfcDpFmwf9bq5cYbXvqsvA==",
      "dev": true,
      "requires": {
        "@babel/core": "^7.1.0",
        "@jest/types": "^24.8.0",
        "babel-plugin-istanbul": "^5.1.0",
        "chalk": "^2.0.1",
        "convert-source-map": "^1.4.0",
        "fast-json-stable-stringify": "^2.0.0",
        "graceful-fs": "^4.1.15",
        "jest-haste-map": "^24.8.0",
        "jest-regex-util": "^24.3.0",
        "jest-util": "^24.8.0",
        "micromatch": "^3.1.10",
        "realpath-native": "^1.1.0",
        "slash": "^2.0.0",
        "source-map": "^0.6.1",
        "write-file-atomic": "2.4.1"
      }
    },
    "@jest/types": {
      "version": "24.8.0",
      "resolved": "https://registry.npmjs.org/@jest/types/-/types-24.8.0.tgz",
      "integrity": "sha512-g17UxVr2YfBtaMUxn9u/4+siG1ptg9IGYAYwvpwn61nBg779RXnjE/m7CxYcIzEt0AbHZZAHSEZNhkE2WxURVg==",
      "dev": true,
      "requires": {
        "@types/istanbul-lib-coverage": "^2.0.0",
        "@types/istanbul-reports": "^1.1.1",
        "@types/yargs": "^12.0.9"
      }
    },
    "@nestjs/common": {
      "version": "6.5.3",
      "resolved": "https://registry.npmjs.org/@nestjs/common/-/common-6.5.3.tgz",
      "integrity": "sha512-8d39grIMrUYGKM46BFWxB6csQFCu1S2aK7azPivg7gTRVSbvR84cVd6tgRVM0LwFpqQrtn3Q6G6Pa8FSk7Kh1w==",
      "requires": {
        "axios": "0.19.0",
        "cli-color": "1.4.0",
        "uuid": "3.3.2"
      }
    },
    "@nestjs/core": {
      "version": "6.5.3",
      "resolved": "https://registry.npmjs.org/@nestjs/core/-/core-6.5.3.tgz",
      "integrity": "sha512-ZhYfH49sVmUUw02qsaGozCFOOehlEABakYzRShyDDq30/2+ek3KpE0DfvA9tXlzX2KVrac2qDTBxMOPoJ+zY+g==",
      "requires": {
        "@nuxtjs/opencollective": "0.2.2",
        "fast-safe-stringify": "2.0.6",
        "iterare": "1.2.0",
        "object-hash": "1.3.1",
        "optional": "0.1.4",
        "uuid": "3.3.2"
      }
    },
    "@nestjs/jwt": {
      "version": "6.1.1",
      "resolved": "https://registry.npmjs.org/@nestjs/jwt/-/jwt-6.1.1.tgz",
      "integrity": "sha512-XZEYC+p69N+Accktjho0B98TkwAKCZNt91+t08eukw7Gwk6FvfJB+aBzHCmQEaWUiAOpAo4eObgac86P12XOkw==",
      "requires": {
        "@types/jsonwebtoken": "7.2.8",
        "jsonwebtoken": "8.4.0"
      }
    },
    "@nestjs/mongoose": {
      "version": "6.1.2",
      "resolved": "https://registry.npmjs.org/@nestjs/mongoose/-/mongoose-6.1.2.tgz",
      "integrity": "sha512-BkbkguvaPPGbL/41lK6P22DaQodBC9Yv9rUAmNlQVShChtwss7/cGj68AKC3jEoidrx75wCyDO3P8Tp6pggE4w=="
    },
    "@nestjs/passport": {
      "version": "6.1.0",
      "resolved": "https://registry.npmjs.org/@nestjs/passport/-/passport-6.1.0.tgz",
      "integrity": "sha512-V4KdtFFLsdZQ/HlIECpiK6byzGz57Y12TAc+Iatykk8jWuVFE1jq8RJbpTfB0zG0PTfcGm9crQ6Ut2Rwdmis4Q=="
    },
    "@nestjs/platform-express": {
      "version": "6.5.3",
      "resolved": "https://registry.npmjs.org/@nestjs/platform-express/-/platform-express-6.5.3.tgz",
      "integrity": "sha512-c5n4XUbDDmF6MfBGYWM1jtsIDpVsOfOQtf3S0w3IeJNqm7dnmVAvO2Jk+RsYpt50tN4NAXntM3YTuTDqMb9uiA==",
      "requires": {
        "body-parser": "1.19.0",
        "cors": "2.8.5",
        "express": "4.17.1",
        "multer": "1.4.2"
      }
    },
    "@nestjs/testing": {
      "version": "6.1.1",
      "resolved": "https://registry.npmjs.org/@nestjs/testing/-/testing-6.1.1.tgz",
      "integrity": "sha512-EQLRES20n8zWkFRXgwFKjCE0s/WsHvqv3v22umqq2XHiep7WiJub0hNG/FcC00WltXPDPAaEDu0XDPr56UWZhQ==",
      "dev": true,
      "requires": {
        "optional": "0.1.4"
      }
    },
    "@nuxtjs/opencollective": {
      "version": "0.2.2",
      "resolved": "https://registry.npmjs.org/@nuxtjs/opencollective/-/opencollective-0.2.2.tgz",
      "integrity": "sha512-69gFVDs7mJfNjv9Zs5DFVD+pvBW+k1TaHSOqUWqAyTTfLcKI/EMYQgvEvziRd+zAFtUOoye6MfWh0qvinGISPw==",
      "requires": {
        "chalk": "^2.4.1",
        "consola": "^2.3.0",
        "node-fetch": "^2.3.0"
      }
    },
    "@types/babel__core": {
      "version": "7.1.2",
      "resolved": "https://registry.npmjs.org/@types/babel__core/-/babel__core-7.1.2.tgz",
      "integrity": "sha512-cfCCrFmiGY/yq0NuKNxIQvZFy9kY/1immpSpTngOnyIbD4+eJOG5mxphhHDv3CHL9GltO4GcKr54kGBg3RNdbg==",
      "dev": true,
      "requires": {
        "@babel/parser": "^7.1.0",
        "@babel/types": "^7.0.0",
        "@types/babel__generator": "*",
        "@types/babel__template": "*",
        "@types/babel__traverse": "*"
      }
    },
    "@types/babel__generator": {
      "version": "7.0.2",
      "resolved": "https://registry.npmjs.org/@types/babel__generator/-/babel__generator-7.0.2.tgz",
      "integrity": "sha512-NHcOfab3Zw4q5sEE2COkpfXjoE7o+PmqD9DQW4koUT3roNxwziUdXGnRndMat/LJNUtePwn1TlP4do3uoe3KZQ==",
      "dev": true,
      "requires": {
        "@babel/types": "^7.0.0"
      }
    },
    "@types/babel__template": {
      "version": "7.0.2",
      "resolved": "https://registry.npmjs.org/@types/babel__template/-/babel__template-7.0.2.tgz",
      "integrity": "sha512-/K6zCpeW7Imzgab2bLkLEbz0+1JlFSrUMdw7KoIIu+IUdu51GWaBZpd3y1VXGVXzynvGa4DaIaxNZHiON3GXUg==",
      "dev": true,
      "requires": {
        "@babel/parser": "^7.1.0",
        "@babel/types": "^7.0.0"
      }
    },
    "@types/babel__traverse": {
      "version": "7.0.7",
      "resolved": "https://registry.npmjs.org/@types/babel__traverse/-/babel__traverse-7.0.7.tgz",
      "integrity": "sha512-CeBpmX1J8kWLcDEnI3Cl2Eo6RfbGvzUctA+CjZUhOKDFbLfcr7fc4usEqLNWetrlJd7RhAkyYe2czXop4fICpw==",
      "dev": true,
      "requires": {
        "@babel/types": "^7.3.0"
      }
    },
    "@types/body-parser": {
      "version": "1.17.0",
      "resolved": "https://registry.npmjs.org/@types/body-parser/-/body-parser-1.17.0.tgz",
      "integrity": "sha512-a2+YeUjPkztKJu5aIF2yArYFQQp8d51wZ7DavSHjFuY1mqVgidGyzEQ41JIVNy82fXj8yPgy2vJmfIywgESW6w==",
      "dev": true,
      "requires": {
        "@types/connect": "*",
        "@types/node": "*"
      }
    },
    "@types/connect": {
      "version": "3.4.32",
      "resolved": "https://registry.npmjs.org/@types/connect/-/connect-3.4.32.tgz",
      "integrity": "sha512-4r8qa0quOvh7lGD0pre62CAb1oni1OO6ecJLGCezTmhQ8Fz50Arx9RUszryR8KlgK6avuSXvviL6yWyViQABOg==",
      "dev": true,
      "requires": {
       
